<?xml version="1.0" encoding="utf-8"?>
<Project ToolsVersion="4.0" xmlns="http://schemas.microsoft.com/developer/msbuild/2003">
  <ItemGroup>
    <Filter Include="Quelldateien">
      <UniqueIdentifier>{4FC737F1-C7A5-4376-A066-2A32D752A2FF}</UniqueIdentifier>
      <Extensions>cpp;c;cc;cxx;def;odl;idl;hpj;bat;asm;asmx</Extensions>
    </Filter>
    <Filter Include="Headerdateien">
      <UniqueIdentifier>{93995380-89BD-4b04-88EB-625FBE52EBFB}</UniqueIdentifier>
      <Extensions>h;hpp;hxx;hm;inl;inc;xsd</Extensions>
    </Filter>
    <Filter Include="Ressourcendateien">
      <UniqueIdentifier>{67DA6AB6-F800-4c08-8B7A-83BB121AAD01}</UniqueIdentifier>
      <Extensions>rc;ico;cur;bmp;dlg;rc2;rct;bin;rgs;gif;jpg;jpeg;jpe;resx;tiff;tif;png;wav;mfcribbon-ms</Extensions>
    </Filter>
  </ItemGroup>
  <ItemGroup>
    <ClInclude Include="bitmap_image.h">
      <Filter>Headerdateien</Filter>
    </ClInclude>
    <ClInclude Include="BmpHandler.h">
      <Filter>Headerdateien</Filter>
    </ClInclude>
    <ClInclude Include="ImgProcessor.h">
      <Filter>Headerdateien</Filter>
    </ClInclude>
    <ClInclude Include="Line2D.h">
      <Filter>Headerdateien</Filter>
    </ClInclude>
    <ClInclude Include="Point2D.h">
      <Filter>Headerdateien</Filter>
    </ClInclude>
    <ClInclude Include="PointSequencer.h">
      <Filter>Headerdateien</Filter>
    </ClInclude>
    <ClInclude Include="SegmentApproximator.h">
      <Filter>Headerdateien</Filter>
    </ClInclude>
    <ClInclude Include="SegmentSequencer.h">
      <Filter>Headerdateien</Filter>
    </ClInclude>
    <ClInclude Include="PathBuilder.h">
      <Filter>Headerdateien</Filter>
    </ClInclude>
    <ClInclude Include="RobCodeGenerator.h">
      <Filter>Headerdateien</Filter>
    </ClInclude>
    <ClInclude Include="Point3D.h">
      <Filter>Headerdateien</Filter>
    </ClInclude>
  </ItemGroup>
  <ItemGroup>
    <ClCompile Include="BmpHandler.cpp">
      <Filter>Quelldateien</Filter>
    </ClCompile>
    <ClCompile Include="ImgProcessor.cpp">
      <Filter>Quelldateien</Filter>
    </ClCompile>
    <ClCompile Include="Line2D.cpp">
      <Filter>Quelldateien</Filter>
    </ClCompile>
    <ClCompile Include="Point2D.cpp">
      <Filter>Quelldateien</Filter>
    </ClCompile>
    <ClCompile Include="PointSequencer.cpp">
      <Filter>Quelldateien</Filter>
    </ClCompile>
    <ClCompile Include="RobPathEditor.cpp">
      <Filter>Quelldateien</Filter>
    </ClCompile>
    <ClCompile Include="SegmentApproximator.cpp">
      <Filter>Quelldateien</Filter>
    </ClCompile>
    <ClCompile Include="SegmentSequencer.cpp">
      <Filter>Quelldateien</Filter>
    </ClCompile>
    <ClCompile Include="PathBuilder.cpp">
      <Filter>Quelldateien</Filter>
    </ClCompile>
    <ClCompile Include="RobCodeGenerator.cpp">
      <Filter>Quelldateien</Filter>
    </ClCompile>
    <ClCompile Include="Point3D.cpp">
      <Filter>Quelldateien</Filter>
    </ClCompile>
  </ItemGroup>
</Project>