
Microsoft Visual Studio Solution File, Format Version 12.00
# Visual Studio Version 17
VisualStudioVersion = 17.6.33723.286
MinimumVisualStudioVersion = 10.0.40219.1
Project("{8BC9CEB8-8B4A-11D0-8D11-00A0C91BC942}") = "RobPathEditorGUI", "RobPathEditorGUI.vcxproj", "{26C8E7C5-B16C-4B00-BE5D-6EE7F2F870BC}"
EndProject
Global
	GlobalSection(SolutionConfigurationPlatforms) = preSolution
		Debug|x64 = Debug|x64
		Release|x64 = Release|x64
	EndGlobalSection
	GlobalSection(ProjectConfigurationPlatforms) = postSolution
		{26C8E7C5-B16C-4B00-BE5D-6EE7F2F870BC}.Debug|x64.ActiveCfg = Debug|x64
		{26C8E7C5-B16C-4B00-BE5D-6EE7F2F870BC}.Debug|x64.Build.0 = Debug|x64
		{26C8E7C5-B16C-4B00-BE5D-6EE7F2F870BC}.Release|x64.ActiveCfg = Release|x64
		{26C8E7C5-B16C-4B00-BE5D-6EE7F2F870BC}.Release|x64.Build.0 = Release|x64
	EndGlobalSection
	GlobalSection(SolutionProperties) = preSolution
		HideSolutionNode = FALSE
	EndGlobalSection
	GlobalSection(ExtensibilityGlobals) = postSolution
		SolutionGuid = {5F258BF5-D448-4313-914F-BECC586DF115}
	EndGlobalSection
EndGlobal
